# This file is automatically @generated by Cargo.
# It is not intended for manual editing.
version = 3

[[package]]
name = "cdrom_crc"
version = "0.1.0"
source = "registry+https://github.com/rust-lang/crates.io-index"
checksum = "b79de1ea79db6578ee25a7bcc8fddc58f958e6063aed54f426907d9d9f97895e"

[[package]]
name = "cue"
version = "1.1.0"
source = "registry+https://github.com/rust-lang/crates.io-index"
checksum = "4bef13de72bdc65acbb69b1b6333902f60d546ef065d45283308097bb60f32d6"
dependencies = [
 "cue-sys",
 "libc",
]

[[package]]
name = "cue-sys"
version = "1.0.0"
source = "registry+https://github.com/rust-lang/crates.io-index"
checksum = "bbb8688730ce5ce991f4c8f887d334d2532b74b6c2432d06d702d55ee8a4e7e8"
dependencies = [
 "libc",
]

[[package]]
name = "cue2ccd"
version = "0.1.0"
dependencies = [
 "cdrom_crc",
 "cue",
]

[[package]]
name = "libc"
version = "0.2.144"
source = "registry+https://github.com/rust-lang/crates.io-index"
checksum = "2b00cc1c228a6782d0f076e7b232802e0c5689d41bb5df366f2a6b6621cfdfe1"
