# This file is automatically @generated by Cargo.
# It is not intended for manual editing.
version = 4

[[package]]
name = "cc"
version = "1.2.1"
source = "registry+https://github.com/rust-lang/crates.io-index"
checksum = "fd9de9f2205d5ef3fd67e685b0df337994ddd4495e2a28d185500d0e1edfea47"
dependencies = [
 "shlex",
]

[[package]]
name = "cdrom"
version = "0.1.1"
dependencies = [
 "cdrom_crc",
 "cue",
]

[[package]]
name = "cdrom_crc"
version = "0.1.0"
source = "registry+https://github.com/rust-lang/crates.io-index"
checksum = "b79de1ea79db6578ee25a7bcc8fddc58f958e6063aed54f426907d9d9f97895e"

[[package]]
name = "cmake"
version = "0.1.51"
source = "registry+https://github.com/rust-lang/crates.io-index"
checksum = "fb1e43aa7fd152b1f968787f7dbcdeb306d1867ff373c69955211876c053f91a"
dependencies = [
 "cc",
]

[[package]]
name = "cue"
version = "3.0.1"
source = "registry+https://github.com/rust-lang/crates.io-index"
checksum = "690eedca1eb72586e5359d32c43e8e7497aeed1c469b8b07b4eb8500056d3287"
dependencies = [
 "cue-sys",
 "libc",
]

[[package]]
name = "cue-sys"
version = "2.0.0"
source = "registry+https://github.com/rust-lang/crates.io-index"
checksum = "1d655a8fb46d3d9550ff44ade93963b2edb770acf0f5ab7d24e29591778d55f8"
dependencies = [
 "cmake",
 "libc",
]

[[package]]
name = "libc"
version = "0.2.146"
source = "registry+https://github.com/rust-lang/crates.io-index"
checksum = "f92be4933c13fd498862a9e02a3055f8a8d9c039ce33db97306fd5a6caa7f29b"

[[package]]
name = "shlex"
version = "1.3.0"
source = "registry+https://github.com/rust-lang/crates.io-index"
checksum = "0fda2ff0d084019ba4d7c6f371c95d8fd75ce3524c3cb8fb653a3023f6323e64"
