# This file is automatically @generated by Cargo.
# It is not intended for manual editing.
version = 3

[[package]]
name = "cdrom"
version = "0.1.0"
dependencies = [
 "cue",
]

[[package]]
name = "cue"
version = "1.1.0"
source = "git+https://github.com/mistydemeo/libcue.rs?rev=7d1c9b8f5f2d0891328e32c7fea90c341ebfbac7#7d1c9b8f5f2d0891328e32c7fea90c341ebfbac7"
dependencies = [
 "cue-sys",
 "libc",
]

[[package]]
name = "cue-sys"
version = "1.1.0"
source = "git+https://github.com/mistydemeo/libcue.rs?rev=7d1c9b8f5f2d0891328e32c7fea90c341ebfbac7#7d1c9b8f5f2d0891328e32c7fea90c341ebfbac7"
dependencies = [
 "libc",
]

[[package]]
name = "libc"
version = "0.2.146"
source = "registry+https://github.com/rust-lang/crates.io-index"
checksum = "f92be4933c13fd498862a9e02a3055f8a8d9c039ce33db97306fd5a6caa7f29b"
