# This file is automatically @generated by Cargo.
# It is not intended for manual editing.
version = 3

[[package]]
name = "cdrom"
version = "0.1.0"
dependencies = [
 "cdrom_crc",
 "cue",
]

[[package]]
name = "cdrom_crc"
version = "0.1.0"
source = "registry+https://github.com/rust-lang/crates.io-index"
checksum = "b79de1ea79db6578ee25a7bcc8fddc58f958e6063aed54f426907d9d9f97895e"

[[package]]
name = "cue"
version = "2.0.0"
source = "registry+https://github.com/rust-lang/crates.io-index"
checksum = "aa8bcf4c6736cccc4eaeb108973e6457cb5c4d6393e29cdf61158cee51c0d4af"
dependencies = [
 "cue-sys",
 "libc",
]

[[package]]
name = "cue-sys"
version = "1.1.0"
source = "registry+https://github.com/rust-lang/crates.io-index"
checksum = "7eb6bf9ed3f73d97b215e5d9c76293095b1fccb1ffd68a8926a8103d11f11440"
dependencies = [
 "libc",
]

[[package]]
name = "libc"
version = "0.2.146"
source = "registry+https://github.com/rust-lang/crates.io-index"
checksum = "f92be4933c13fd498862a9e02a3055f8a8d9c039ce33db97306fd5a6caa7f29b"
